<?xml version="1.0" encoding="utf-8"?>
<Project ToolsVersion="4.0" xmlns="http://schemas.microsoft.com/developer/msbuild/2003">
  <ItemGroup>
    <ClCompile Include="Camera.cpp" />
    <ClCompile Include="Game_Map.cpp" />
    <ClCompile Include="Source.cpp" />
    <ClCompile Include="units\unit.cpp" />
    <ClCompile Include="units\unit_factory.cpp" />
  </ItemGroup>
  <ItemGroup>
    <ClCompile Include="Source.cpp">
      <Filter>Исходные файлы</Filter>
    </ClCompile>
    <ClCompile Include="game_map.cpp">
      <Filter>Исходные файлы</Filter>
    </ClCompile>
    <ClCompile Include="camera.cpp">
      <Filter>Исходные файлы</Filter>
    </ClCompile>
    <ClCompile Include="units\unit.cpp">
      <Filter>Исходные файлы</Filter>
    </ClCompile>
    <ClCompile Include="units\unit_factory.cpp">
      <Filter>Исходные файлы</Filter>
    </ClCompile>
    <ClCompile Include="behaviors\behavior.cpp">
      <Filter>Исходные файлы</Filter>
    </ClCompile>
    <ClCompile Include="behaviors\behavior_stay.cpp">
      <Filter>Исходные файлы</Filter>
    </ClCompile>
    <ClCompile Include="behaviors\behavior_random.cpp">
      <Filter>Исходные файлы</Filter>
    </ClCompile>
    <ClCompile Include="managers\game_manager.cpp">
      <Filter>Исходные файлы</Filter>
    </ClCompile>
    <ClCompile Include="player\players_info.cpp">
      <Filter>Исходные файлы</Filter>
    </ClCompile>
    <ClCompile Include="behaviors\behavior_tower.cpp">
      <Filter>Исходные файлы</Filter>
    </ClCompile>
    <ClCompile Include="player\player.cpp">
      <Filter>Исходные файлы</Filter>
    </ClCompile>
    <ClCompile Include="managers\texture_manager.cpp">
      <Filter>Исходные файлы</Filter>
    </ClCompile>
  </ItemGroup>
  <ItemGroup>
    <Library Include="..\SDL2.lib" />
    <Library Include="..\SDL2main.lib" />
  </ItemGroup>
  <ItemGroup>
    <ClInclude Include="game_map.h">
      <Filter>Файлы заголовков</Filter>
    </ClInclude>
    <ClInclude Include="camera.h">
      <Filter>Файлы заголовков</Filter>
    </ClInclude>
    <ClInclude Include="units\abstract_unit.h">
      <Filter>Файлы заголовков</Filter>
    </ClInclude>
    <ClInclude Include="units\unit.h">
      <Filter>Файлы заголовков</Filter>
    </ClInclude>
    <ClInclude Include="units\unit_factory.h">
      <Filter>Файлы заголовков</Filter>
    </ClInclude>
    <ClInclude Include="behaviors\behavior.h">
      <Filter>Файлы заголовков</Filter>
    </ClInclude>
    <ClInclude Include="behaviors\status_effects.h">
      <Filter>Файлы заголовков</Filter>
    </ClInclude>
    <ClInclude Include="behaviors\behavior_stay.h">
      <Filter>Файлы заголовков</Filter>
    </ClInclude>
    <ClInclude Include="behaviors\behavior_random.h">
      <Filter>Файлы заголовков</Filter>
    </ClInclude>
    <ClInclude Include="managers\game_manager.h">
      <Filter>Файлы заголовков</Filter>
    </ClInclude>
    <ClInclude Include="player\players_info.h">
      <Filter>Файлы заголовков</Filter>
    </ClInclude>
    <ClInclude Include="behaviors\behavior_tower.h">
      <Filter>Файлы заголовков</Filter>
    </ClInclude>
    <ClInclude Include="units\abstract_unit_factory.h">
      <Filter>Файлы заголовков</Filter>
    </ClInclude>
    <ClInclude Include="player\player.h">
      <Filter>Файлы заголовков</Filter>
    </ClInclude>
    <ClInclude Include="managers\texture_manager.h">
      <Filter>Файлы заголовков</Filter>
    </ClInclude>
  </ItemGroup>
</Project>