<?xml version="1.0" encoding="utf-8"?>
<Project ToolsVersion="4.0" xmlns="http://schemas.microsoft.com/developer/msbuild/2003">
  <ItemGroup>
    <Filter Include="Исходные файлы">
      <UniqueIdentifier>{4FC737F1-C7A5-4376-A066-2A32D752A2FF}</UniqueIdentifier>
      <Extensions>cpp;c;cc;cxx;c++;def;odl;idl;hpj;bat;asm;asmx</Extensions>
    </Filter>
    <Filter Include="Файлы заголовков">
      <UniqueIdentifier>{93995380-89BD-4b04-88EB-625FBE52EBFB}</UniqueIdentifier>
      <Extensions>h;hh;hpp;hxx;h++;hm;inl;inc;ipp;xsd</Extensions>
    </Filter>
    <Filter Include="Файлы ресурсов">
      <UniqueIdentifier>{67DA6AB6-F800-4c08-8B7A-83BB121AAD01}</UniqueIdentifier>
      <Extensions>rc;ico;cur;bmp;dlg;rc2;rct;bin;rgs;gif;jpg;jpeg;jpe;resx;tiff;tif;png;wav;mfcribbon-ms</Extensions>
    </Filter>
  </ItemGroup>
  <ItemGroup>
    <ClCompile Include="units\unit.cpp">
      <Filter>Исходные файлы</Filter>
    </ClCompile>
    <ClCompile Include="units\unit_factory.cpp">
      <Filter>Исходные файлы</Filter>
    </ClCompile>
    <ClCompile Include="behaviors\behavior.cpp">
      <Filter>Исходные файлы</Filter>
    </ClCompile>
    <ClCompile Include="behaviors\behavior_stay.cpp">
      <Filter>Исходные файлы</Filter>
    </ClCompile>
    <ClCompile Include="behaviors\behavior_random.cpp">
      <Filter>Исходные файлы</Filter>
    </ClCompile>
    <ClCompile Include="managers\game_manager.cpp">
      <Filter>Исходные файлы</Filter>
    </ClCompile>
    <ClCompile Include="player\players_info.cpp">
      <Filter>Исходные файлы</Filter>
    </ClCompile>
    <ClCompile Include="behaviors\behavior_tower.cpp">
      <Filter>Исходные файлы</Filter>
    </ClCompile>
    <ClCompile Include="player\player.cpp">
      <Filter>Исходные файлы</Filter>
    </ClCompile>
    <ClCompile Include="managers\texture_manager.cpp">
      <Filter>Исходные файлы</Filter>
    </ClCompile>
    <ClCompile Include="behaviors\behavior_bullet.cpp">
      <Filter>Исходные файлы</Filter>
    </ClCompile>
    <ClCompile Include="map\camera.cpp">
      <Filter>Исходные файлы</Filter>
    </ClCompile>
    <ClCompile Include="managers\user_manager.cpp">
      <Filter>Исходные файлы</Filter>
    </ClCompile>
    <ClCompile Include="behaviors\behavior_hunter.cpp">
      <Filter>Исходные файлы</Filter>
    </ClCompile>
    <ClCompile Include="map\time_measurer.cpp">
      <Filter>Исходные файлы</Filter>
    </ClCompile>
    <ClCompile Include="behaviors\behavior_around_point.cpp">
      <Filter>Исходные файлы</Filter>
    </ClCompile>
    <ClCompile Include="clock.cpp">
      <Filter>Исходные файлы</Filter>
    </ClCompile>
    <ClCompile Include="behaviors\behavior_scout.cpp">
      <Filter>Исходные файлы</Filter>
    </ClCompile>
    <ClCompile Include="adapter.cpp">
      <Filter>Исходные файлы</Filter>
    </ClCompile>
    <ClCompile Include="units\entity.cpp">
      <Filter>Исходные файлы</Filter>
    </ClCompile>
    <ClCompile Include="units\building.cpp">
      <Filter>Исходные файлы</Filter>
    </ClCompile>
    <ClCompile Include="units\immovable_unit.cpp">
      <Filter>Исходные файлы</Filter>
    </ClCompile>
    <ClCompile Include="units\drawable_entity.cpp">
      <Filter>Исходные файлы</Filter>
    </ClCompile>
    <ClCompile Include="main.cpp">
      <Filter>Исходные файлы</Filter>
    </ClCompile>
    <ClCompile Include="map\grid\grid_function.cpp">
      <Filter>Исходные файлы</Filter>
    </ClCompile>
    <ClCompile Include="map\grid\grid_neighbors.cpp">
      <Filter>Исходные файлы</Filter>
    </ClCompile>
    <ClCompile Include="map\surface\diamond_square.cpp">
      <Filter>Исходные файлы</Filter>
    </ClCompile>
    <ClCompile Include="map\surface\perlin.cpp">
      <Filter>Исходные файлы</Filter>
    </ClCompile>
    <ClCompile Include="map\map_layer.cpp">
      <Filter>Исходные файлы</Filter>
    </ClCompile>
    <ClCompile Include="map\map_point.cpp">
      <Filter>Исходные файлы</Filter>
    </ClCompile>
    <ClCompile Include="map\surface\surface_layer.cpp">
      <Filter>Исходные файлы</Filter>
    </ClCompile>
    <ClCompile Include="map\game_map.cpp">
      <Filter>Исходные файлы</Filter>
    </ClCompile>
    <ClCompile Include="map\underground\underground_layer.cpp">
      <Filter>Исходные файлы</Filter>
    </ClCompile>
  </ItemGroup>
  <ItemGroup>
    <Library Include="..\SDL2.lib" />
    <Library Include="..\SDL2main.lib" />
  </ItemGroup>
  <ItemGroup>
    <ClInclude Include="units\unit.h">
      <Filter>Файлы заголовков</Filter>
    </ClInclude>
    <ClInclude Include="units\unit_factory.h">
      <Filter>Файлы заголовков</Filter>
    </ClInclude>
    <ClInclude Include="behaviors\behavior.h">
      <Filter>Файлы заголовков</Filter>
    </ClInclude>
    <ClInclude Include="behaviors\behavior_bullet.h">
      <Filter>Файлы заголовков</Filter>
    </ClInclude>
    <ClInclude Include="map\block_type.h">
      <Filter>Файлы заголовков</Filter>
    </ClInclude>
    <ClInclude Include="map\camera.h">
      <Filter>Файлы заголовков</Filter>
    </ClInclude>
    <ClInclude Include="map\map_layer.h">
      <Filter>Файлы заголовков</Filter>
    </ClInclude>
    <ClInclude Include="managers\user_manager.h">
      <Filter>Файлы заголовков</Filter>
    </ClInclude>
    <ClInclude Include="behaviors\behavior_hunter.h">
      <Filter>Файлы заголовков</Filter>
    </ClInclude>
    <ClInclude Include="player\player_owner.h">
      <Filter>Файлы заголовков</Filter>
    </ClInclude>
    <ClInclude Include="map\time_measurer.h">
      <Filter>Файлы заголовков</Filter>
    </ClInclude>
    <ClInclude Include="map\triple.h">
      <Filter>Файлы заголовков</Filter>
    </ClInclude>
    <ClInclude Include="behaviors\behavior_around_point.h">
      <Filter>Файлы заголовков</Filter>
    </ClInclude>
    <ClInclude Include="clock.h">
      <Filter>Файлы заголовков</Filter>
    </ClInclude>
    <ClInclude Include="behaviors\behavior_scout.h">
      <Filter>Файлы заголовков</Filter>
    </ClInclude>
    <ClInclude Include="adapter.h">
      <Filter>Файлы заголовков</Filter>
    </ClInclude>
    <ClInclude Include="map\map_point.h">
      <Filter>Файлы заголовков</Filter>
    </ClInclude>
    <ClInclude Include="units\entity.h">
      <Filter>Файлы заголовков</Filter>
    </ClInclude>
    <ClInclude Include="units\unit_type.h">
      <Filter>Файлы заголовков</Filter>
    </ClInclude>
    <ClInclude Include="units\building.h">
      <Filter>Файлы заголовков</Filter>
    </ClInclude>
    <ClInclude Include="units\movable_unit.h">
      <Filter>Файлы заголовков</Filter>
    </ClInclude>
    <ClInclude Include="units\abstract_immovable_unit.h">
      <Filter>Файлы заголовков</Filter>
    </ClInclude>
    <ClInclude Include="units\drawable_entity.h">
      <Filter>Файлы заголовков</Filter>
    </ClInclude>
    <ClInclude Include="units\immovable_unit.h">
      <Filter>Файлы заголовков</Filter>
    </ClInclude>
    <ClInclude Include="units\drawable.h">
      <Filter>Файлы заголовков</Filter>
    </ClInclude>
    <ClInclude Include="map\grid\grid.h">
      <Filter>Исходные файлы</Filter>
    </ClInclude>
    <ClInclude Include="map\grid\grid_function.h">
      <Filter>Исходные файлы</Filter>
    </ClInclude>
    <ClInclude Include="map\grid\grid_neighbors.h">
      <Filter>Исходные файлы</Filter>
    </ClInclude>
    <ClInclude Include="map\surface\diamond_square.h">
      <Filter>Файлы заголовков</Filter>
    </ClInclude>
    <ClInclude Include="map\surface\perlin.h">
      <Filter>Файлы заголовков</Filter>
    </ClInclude>
    <ClInclude Include="map\surface\surface_map.h">
      <Filter>Файлы заголовков</Filter>
    </ClInclude>
    <ClInclude Include="map\surface\surface_layer.h">
      <Filter>Файлы заголовков</Filter>
    </ClInclude>
    <ClInclude Include="map\game_map.h">
      <Filter>Файлы заголовков</Filter>
    </ClInclude>
    <ClInclude Include="map\underground\underground_layer.h">
      <Filter>Файлы заголовков</Filter>
    </ClInclude>
  </ItemGroup>
  <ItemGroup>
    <ClInclude Include="units\unit.h">
      <Filter>Файлы заголовков</Filter>
    </ClInclude>
    <ClInclude Include="units\unit_factory.h">
      <Filter>Файлы заголовков</Filter>
    </ClInclude>
    <ClInclude Include="behaviors\behavior.h">
      <Filter>Файлы заголовков</Filter>
    </ClInclude>
    <ClInclude Include="behaviors\status_effects.h">
      <Filter>Файлы заголовков</Filter>
    </ClInclude>
    <ClInclude Include="behaviors\behavior_stay.h">
      <Filter>Файлы заголовков</Filter>
    </ClInclude>
    <ClInclude Include="behaviors\behavior_random.h">
      <Filter>Файлы заголовков</Filter>
    </ClInclude>
    <ClInclude Include="managers\game_manager.h">
      <Filter>Файлы заголовков</Filter>
    </ClInclude>
    <ClInclude Include="player\players_info.h">
      <Filter>Файлы заголовков</Filter>
    </ClInclude>
    <ClInclude Include="behaviors\behavior_tower.h">
      <Filter>Файлы заголовков</Filter>
    </ClInclude>
    <ClInclude Include="units\abstract_unit_factory.h">
      <Filter>Файлы заголовков</Filter>
    </ClInclude>
    <ClInclude Include="player\player.h">
      <Filter>Файлы заголовков</Filter>
    </ClInclude>
    <ClInclude Include="managers\texture_manager.h">
      <Filter>Файлы заголовков</Filter>
    </ClInclude>
  </ItemGroup>
  <ItemGroup>
    <Image Include="pictures\testunit.bmp">
      <Filter>Файлы ресурсов</Filter>
    </Image>
    <Image Include="pictures\testunit1.bmp">
      <Filter>Файлы ресурсов</Filter>
    </Image>
    <Image Include="pictures\testunit2.bmp">
      <Filter>Файлы ресурсов</Filter>
    </Image>
    <Image Include="pictures\testunit3.bmp">
      <Filter>Файлы ресурсов</Filter>
    </Image>
    <Image Include="pictures\fire_medium_poleax.bmp">
      <Filter>Файлы ресурсов</Filter>
    </Image>
    <Image Include="pictures\fire_medium_sword.bmp">
      <Filter>Файлы ресурсов</Filter>
    </Image>
    <Image Include="pictures\fire_small_lance.bmp">
      <Filter>Файлы ресурсов</Filter>
    </Image>
    <Image Include="pictures\fire_small_poleax.bmp">
      <Filter>Файлы ресурсов</Filter>
    </Image>
    <Image Include="pictures\fire_small_spear.bmp">
      <Filter>Файлы ресурсов</Filter>
    </Image>
    <Image Include="pictures\testunit2_1.bmp">
      <Filter>Файлы ресурсов</Filter>
    </Image>
    <Image Include="pictures\map-tiles.bmp">
      <Filter>Файлы ресурсов</Filter>
    </Image>
    <Image Include="pictures\map-tiles-fogged.bmp">
      <Filter>Файлы ресурсов</Filter>
    </Image>
    <Image Include="pictures\map_tiles.bmp">
      <Filter>Файлы ресурсов</Filter>
    </Image>
    <Image Include="pictures\map_tiles_fogged.bmp">
      <Filter>Файлы ресурсов</Filter>
    </Image>
    <Image Include="pictures\bamboo.bmp">
      <Filter>Файлы ресурсов</Filter>
    </Image>
    <Image Include="pictures\small_gray_tower.bmp">
      <Filter>Файлы ресурсов</Filter>
    </Image>
    <Image Include="pictures\small_horizontal_gray_wall.bmp">
      <Filter>Файлы ресурсов</Filter>
    </Image>
    <Image Include="pictures\small_vertical_gray_wall.bmp">
      <Filter>Файлы ресурсов</Filter>
    </Image>
  </ItemGroup>
</Project>